
Microsoft Visual Studio Solution File, Format Version 12.00
# Visual Studio Version 17
VisualStudioVersion = 17.13.35825.156 d17.13
MinimumVisualStudioVersion = 10.0.40219.1
Project("{FAE04EC0-301F-11D3-BF4B-00C04F79EFBC}") = "TicketBookingSystem", "TicketBookingSystem\TicketBookingSystem.csproj", "{797602DC-F7AA-4398-9FA5-21E1B8D9C64A}"
EndProject
Global
	GlobalSection(SolutionConfigurationPlatforms) = preSolution
		Debug|Any CPU = Debug|Any CPU
		Release|Any CPU = Release|Any CPU
	EndGlobalSection
	GlobalSection(ProjectConfigurationPlatforms) = postSolution
		{797602DC-F7AA-4398-9FA5-21E1B8D9C64A}.Debug|Any CPU.ActiveCfg = Debug|Any CPU
		{797602DC-F7AA-4398-9FA5-21E1B8D9C64A}.Debug|Any CPU.Build.0 = Debug|Any CPU
		{797602DC-F7AA-4398-9FA5-21E1B8D9C64A}.Release|Any CPU.ActiveCfg = Release|Any CPU
		{797602DC-F7AA-4398-9FA5-21E1B8D9C64A}.Release|Any CPU.Build.0 = Release|Any CPU
	EndGlobalSection
	GlobalSection(SolutionProperties) = preSolution
		HideSolutionNode = FALSE
	EndGlobalSection
	GlobalSection(ExtensibilityGlobals) = postSolution
		SolutionGuid = {C9F14017-60C8-4894-88BF-264D3D3D129F}
	EndGlobalSection
EndGlobal
