
Microsoft Visual Studio Solution File, Format Version 12.00
# Visual Studio Version 17
VisualStudioVersion = 17.13.35825.156 d17.13
MinimumVisualStudioVersion = 10.0.40219.1
Project("{FAE04EC0-301F-11D3-BF4B-00C04F79EFBC}") = "SISDB", "SISDB\SISDB.csproj", "{57507DE6-C0D1-40A1-9FB7-E12555FFC158}"
EndProject
Global
	GlobalSection(SolutionConfigurationPlatforms) = preSolution
		Debug|Any CPU = Debug|Any CPU
		Release|Any CPU = Release|Any CPU
	EndGlobalSection
	GlobalSection(ProjectConfigurationPlatforms) = postSolution
		{57507DE6-C0D1-40A1-9FB7-E12555FFC158}.Debug|Any CPU.ActiveCfg = Debug|Any CPU
		{57507DE6-C0D1-40A1-9FB7-E12555FFC158}.Debug|Any CPU.Build.0 = Debug|Any CPU
		{57507DE6-C0D1-40A1-9FB7-E12555FFC158}.Release|Any CPU.ActiveCfg = Release|Any CPU
		{57507DE6-C0D1-40A1-9FB7-E12555FFC158}.Release|Any CPU.Build.0 = Release|Any CPU
	EndGlobalSection
	GlobalSection(SolutionProperties) = preSolution
		HideSolutionNode = FALSE
	EndGlobalSection
	GlobalSection(ExtensibilityGlobals) = postSolution
		SolutionGuid = {5DFE26FB-F1DF-4146-8DA3-9DB41F86A630}
	EndGlobalSection
EndGlobal
